// !$*UTF8*$!
{
	archiveVersion = 1;
	classes = {
	};
	objectVersion = 55;
	objects = {

/* Begin PBXBuildFile section */
		210CC4962733C1A20009D17B /* PartialSheetViewModifier.swift in Sources */ = {isa = PBXBuildFile; fileRef = 210CC4902733C1A20009D17B /* PartialSheetViewModifier.swift */; };
		210CC4972733C1A20009D17B /* BlurEffectView.swift in Sources */ = {isa = PBXBuildFile; fileRef = 210CC4912733C1A20009D17B /* BlurEffectView.swift */; };
		210CC4982733C1A20009D17B /* PartialSheetManager.swift in Sources */ = {isa = PBXBuildFile; fileRef = 210CC4922733C1A20009D17B /* PartialSheetManager.swift */; };
		210CC4992733C1A20009D17B /* PartialSheetStyle.swift in Sources */ = {isa = PBXBuildFile; fileRef = 210CC4932733C1A20009D17B /* PartialSheetStyle.swift */; };
		210CC49A2733C1A20009D17B /* View+PartialSheetModifier.swift in Sources */ = {isa = PBXBuildFile; fileRef = 210CC4942733C1A20009D17B /* View+PartialSheetModifier.swift */; };
		210CC49B2733C1A20009D17B /* View+IfDeviceType.swift in Sources */ = {isa = PBXBuildFile; fileRef = 210CC4952733C1A20009D17B /* View+IfDeviceType.swift */; };
		210CC49E2733C3480009D17B /* SettingsView.swift in Sources */ = {isa = PBXBuildFile; fileRef = 210CC49D2733C3480009D17B /* SettingsView.swift */; };
		210CC4A027344FF10009D17B /* CustomToggle.swift in Sources */ = {isa = PBXBuildFile; fileRef = 210CC49F27344FF10009D17B /* CustomToggle.swift */; };
		211BD8122765F3D500B337E1 /* NetworkTest.swift in Sources */ = {isa = PBXBuildFile; fileRef = 211BD8112765F3D500B337E1 /* NetworkTest.swift */; };
		211BD814276606B000B337E1 /* BibleController.swift in Sources */ = {isa = PBXBuildFile; fileRef = 211BD813276606B000B337E1 /* BibleController.swift */; };
		211EE7002740009900B5E4D5 /* SplashScreen.swift in Sources */ = {isa = PBXBuildFile; fileRef = 211EE6FF2740009900B5E4D5 /* SplashScreen.swift */; };
		211EE7062741351D00B5E4D5 /* FiraSans-Light.ttf in Resources */ = {isa = PBXBuildFile; fileRef = 211EE7022741351D00B5E4D5 /* FiraSans-Light.ttf */; };
		211EE7072741351D00B5E4D5 /* FiraSans-Medium.ttf in Resources */ = {isa = PBXBuildFile; fileRef = 211EE7032741351D00B5E4D5 /* FiraSans-Medium.ttf */; };
		211EE7082741351D00B5E4D5 /* FiraSans-Regular.ttf in Resources */ = {isa = PBXBuildFile; fileRef = 211EE7042741351D00B5E4D5 /* FiraSans-Regular.ttf */; };
		211EE7092741351D00B5E4D5 /* FiraSans-Bold.ttf in Resources */ = {isa = PBXBuildFile; fileRef = 211EE7052741351D00B5E4D5 /* FiraSans-Bold.ttf */; };
		211F0C2F278991DC00C34258 /* Util.swift in Sources */ = {isa = PBXBuildFile; fileRef = 211F0C2E278991DC00C34258 /* Util.swift */; };
		211F0C332789924B00C34258 /* Current.swift in Sources */ = {isa = PBXBuildFile; fileRef = 211F0C322789924B00C34258 /* Current.swift */; };
		211F0C37278992CB00C34258 /* ReaderSettingView.swift in Sources */ = {isa = PBXBuildFile; fileRef = 211F0C36278992CB00C34258 /* ReaderSettingView.swift */; };
		211F0C39278992D200C34258 /* SelectRow.swift in Sources */ = {isa = PBXBuildFile; fileRef = 211F0C38278992D200C34258 /* SelectRow.swift */; };
		21438956277222100022AC8E /* SearchWrapper.swift in Sources */ = {isa = PBXBuildFile; fileRef = 21438955277222100022AC8E /* SearchWrapper.swift */; };
		21438958277230E80022AC8E /* SearchTest.swift in Sources */ = {isa = PBXBuildFile; fileRef = 21438957277230E80022AC8E /* SearchTest.swift */; };
		2143895A277232A20022AC8E /* SearchBuszke.json in Resources */ = {isa = PBXBuildFile; fileRef = 2145621C275685BF0000202D /* SearchBuszke.json */; };
		2143895C27723F200022AC8E /* SearchField.swift in Sources */ = {isa = PBXBuildFile; fileRef = 2143895B27723F200022AC8E /* SearchField.swift */; };
		2145620B275607480000202D /* Viewmodifiers.swift in Sources */ = {isa = PBXBuildFile; fileRef = 2145620A275607480000202D /* Viewmodifiers.swift */; };
		2145620D27566C6C0000202D /* SearchingView.swift in Sources */ = {isa = PBXBuildFile; fileRef = 2145620C27566C6C0000202D /* SearchingView.swift */; };
		21456211275674CB0000202D /* UtilTest.swift in Sources */ = {isa = PBXBuildFile; fileRef = 21456210275674CB0000202D /* UtilTest.swift */; };
		21456212275675EB0000202D /* SearchBuszke.json in Resources */ = {isa = PBXBuildFile; fileRef = 21456200275552B20000202D /* SearchBuszke.json */; };
		21456218275677AA0000202D /* SearchTengeri.json in Resources */ = {isa = PBXBuildFile; fileRef = 21456217275677A60000202D /* SearchTengeri.json */; };
		21456219275677AB0000202D /* SearchTengeri.json in Resources */ = {isa = PBXBuildFile; fileRef = 21456217275677A60000202D /* SearchTengeri.json */; };
		2145621B275684A60000202D /* books.json in Resources */ = {isa = PBXBuildFile; fileRef = 2145621A275684A30000202D /* books.json */; };
		2145621E275761BA0000202D /* FilterTest.swift in Sources */ = {isa = PBXBuildFile; fileRef = 2145621D275761BA0000202D /* FilterTest.swift */; };
		214562222757628A0000202D /* Rom16.json in Resources */ = {isa = PBXBuildFile; fileRef = 2145621F275762840000202D /* Rom16.json */; };
		21456223275762A00000202D /* Rom16.json in Resources */ = {isa = PBXBuildFile; fileRef = 2145621F275762840000202D /* Rom16.json */; };
		2145622527578D410000202D /* SelectingRow.swift in Sources */ = {isa = PBXBuildFile; fileRef = 2145622427578D410000202D /* SelectingRow.swift */; };
		215069EC2765EF7B00C3C248 /* MainTabView.swift in Sources */ = {isa = PBXBuildFile; fileRef = 215069EB2765EF7B00C3C248 /* MainTabView.swift */; };
		2154914F27875AA40041AD2D /* Extensions.swift in Sources */ = {isa = PBXBuildFile; fileRef = 2154914E27875AA40041AD2D /* Extensions.swift */; };
		2179B722276DE7FD00095DC1 /* NetworkService.swift in Sources */ = {isa = PBXBuildFile; fileRef = 2179B721276DE7FD00095DC1 /* NetworkService.swift */; };
		2179B726276DF41E00095DC1 /* 1Sam17.json in Resources */ = {isa = PBXBuildFile; fileRef = 214561FD275552B20000202D /* 1Sam17.json */; };
		2179B728276DF7D000095DC1 /* BibleError.swift in Sources */ = {isa = PBXBuildFile; fileRef = 2179B727276DF7D000095DC1 /* BibleError.swift */; };
		21810A1B27540669001D29B9 /* Szentiras15v2Tests.swift in Sources */ = {isa = PBXBuildFile; fileRef = 21810A1A27540669001D29B9 /* Szentiras15v2Tests.swift */; };
		21810A2327540690001D29B9 /* BookTest.swift in Sources */ = {isa = PBXBuildFile; fileRef = 21810A2127540690001D29B9 /* BookTest.swift */; };
		21AC166327218FF800D2DA84 /* Szentiras15v2App.swift in Sources */ = {isa = PBXBuildFile; fileRef = 21AC166227218FF800D2DA84 /* Szentiras15v2App.swift */; };
		21AC166727218FF900D2DA84 /* Assets.xcassets in Resources */ = {isa = PBXBuildFile; fileRef = 21AC166627218FF900D2DA84 /* Assets.xcassets */; };
		21AC166A27218FF900D2DA84 /* Preview Assets.xcassets in Resources */ = {isa = PBXBuildFile; fileRef = 21AC166927218FF900D2DA84 /* Preview Assets.xcassets */; };
		21AC1678272192ED00D2DA84 /* Idezet.swift in Sources */ = {isa = PBXBuildFile; fileRef = 21AC1677272192ED00D2DA84 /* Idezet.swift */; };
		21AC167A2721945400D2DA84 /* Vers.swift in Sources */ = {isa = PBXBuildFile; fileRef = 21AC16792721945400D2DA84 /* Vers.swift */; };
		21AC167C2721961B00D2DA84 /* translations.json in Resources */ = {isa = PBXBuildFile; fileRef = 21AC167B2721961B00D2DA84 /* translations.json */; };
		21AC167E2721962600D2DA84 /* books.json in Resources */ = {isa = PBXBuildFile; fileRef = 21AC167D2721962600D2DA84 /* books.json */; };
		21AC1682272196F400D2DA84 /* Book.swift in Sources */ = {isa = PBXBuildFile; fileRef = 21AC1681272196F400D2DA84 /* Book.swift */; };
		21AC16842721977F00D2DA84 /* Translation.swift in Sources */ = {isa = PBXBuildFile; fileRef = 21AC16832721977F00D2DA84 /* Translation.swift */; };
		21C2B17027731DA4009DA75A /* SearchController.swift in Sources */ = {isa = PBXBuildFile; fileRef = 21C2B16F27731DA4009DA75A /* SearchController.swift */; };
		21C2B1722775CE69009DA75A /* SearchVersListView.swift in Sources */ = {isa = PBXBuildFile; fileRef = 21C2B1712775CE69009DA75A /* SearchVersListView.swift */; };
		21C2B1742775D306009DA75A /* VersListView.swift in Sources */ = {isa = PBXBuildFile; fileRef = 21C2B1732775D306009DA75A /* VersListView.swift */; };
		21C2B1762775D448009DA75A /* SearchVersListViewModel.swift in Sources */ = {isa = PBXBuildFile; fileRef = 21C2B1752775D448009DA75A /* SearchVersListViewModel.swift */; };
		21D76CA5276E4982001E19F4 /* TranslationListView.swift in Sources */ = {isa = PBXBuildFile; fileRef = 21D76CA4276E4982001E19F4 /* TranslationListView.swift */; };
		21D76CA7276E4F6C001E19F4 /* BookListView.swift in Sources */ = {isa = PBXBuildFile; fileRef = 21D76CA6276E4F6C001E19F4 /* BookListView.swift */; };
		21D76CAA2770F3AD001E19F4 /* HistoryListView.swift in Sources */ = {isa = PBXBuildFile; fileRef = 21D76CA92770F3AD001E19F4 /* HistoryListView.swift */; };
		21EDBDE92752B170000D06A4 /* TestData.swift in Sources */ = {isa = PBXBuildFile; fileRef = 21EDBDE82752B170000D06A4 /* TestData.swift */; };
		21EDBDEC2752B549000D06A4 /* BibleChapterView.swift in Sources */ = {isa = PBXBuildFile; fileRef = 21EDBDEB2752B549000D06A4 /* BibleChapterView.swift */; };
/* End PBXBuildFile section */

/* Begin PBXContainerItemProxy section */
		21810A1C27540669001D29B9 /* PBXContainerItemProxy */ = {
			isa = PBXContainerItemProxy;
			containerPortal = 21AC165727218FF800D2DA84 /* Project object */;
			proxyType = 1;
			remoteGlobalIDString = 21AC165E27218FF800D2DA84;
			remoteInfo = Szentiras15v2;
		};
/* End PBXContainerItemProxy section */

/* Begin PBXFileReference section */
		210CC4902733C1A20009D17B /* PartialSheetViewModifier.swift */ = {isa = PBXFileReference; fileEncoding = 4; lastKnownFileType = sourcecode.swift; path = PartialSheetViewModifier.swift; sourceTree = "<group>"; };
		210CC4912733C1A20009D17B /* BlurEffectView.swift */ = {isa = PBXFileReference; fileEncoding = 4; lastKnownFileType = sourcecode.swift; path = BlurEffectView.swift; sourceTree = "<group>"; };
		210CC4922733C1A20009D17B /* PartialSheetManager.swift */ = {isa = PBXFileReference; fileEncoding = 4; lastKnownFileType = sourcecode.swift; path = PartialSheetManager.swift; sourceTree = "<group>"; };
		210CC4932733C1A20009D17B /* PartialSheetStyle.swift */ = {isa = PBXFileReference; fileEncoding = 4; lastKnownFileType = sourcecode.swift; path = PartialSheetStyle.swift; sourceTree = "<group>"; };
		210CC4942733C1A20009D17B /* View+PartialSheetModifier.swift */ = {isa = PBXFileReference; fileEncoding = 4; lastKnownFileType = sourcecode.swift; path = "View+PartialSheetModifier.swift"; sourceTree = "<group>"; };
		210CC4952733C1A20009D17B /* View+IfDeviceType.swift */ = {isa = PBXFileReference; fileEncoding = 4; lastKnownFileType = sourcecode.swift; path = "View+IfDeviceType.swift"; sourceTree = "<group>"; };
		210CC49D2733C3480009D17B /* SettingsView.swift */ = {isa = PBXFileReference; lastKnownFileType = sourcecode.swift; path = SettingsView.swift; sourceTree = "<group>"; };
		210CC49F27344FF10009D17B /* CustomToggle.swift */ = {isa = PBXFileReference; lastKnownFileType = sourcecode.swift; path = CustomToggle.swift; sourceTree = "<group>"; };
		211BD8112765F3D500B337E1 /* NetworkTest.swift */ = {isa = PBXFileReference; lastKnownFileType = sourcecode.swift; path = NetworkTest.swift; sourceTree = "<group>"; };
		211BD813276606B000B337E1 /* BibleController.swift */ = {isa = PBXFileReference; lastKnownFileType = sourcecode.swift; path = BibleController.swift; sourceTree = "<group>"; };
		211EE6FF2740009900B5E4D5 /* SplashScreen.swift */ = {isa = PBXFileReference; lastKnownFileType = sourcecode.swift; path = SplashScreen.swift; sourceTree = "<group>"; };
		211EE7022741351D00B5E4D5 /* FiraSans-Light.ttf */ = {isa = PBXFileReference; lastKnownFileType = file; path = "FiraSans-Light.ttf"; sourceTree = "<group>"; };
		211EE7032741351D00B5E4D5 /* FiraSans-Medium.ttf */ = {isa = PBXFileReference; lastKnownFileType = file; path = "FiraSans-Medium.ttf"; sourceTree = "<group>"; };
		211EE7042741351D00B5E4D5 /* FiraSans-Regular.ttf */ = {isa = PBXFileReference; lastKnownFileType = file; path = "FiraSans-Regular.ttf"; sourceTree = "<group>"; };
		211EE7052741351D00B5E4D5 /* FiraSans-Bold.ttf */ = {isa = PBXFileReference; lastKnownFileType = file; path = "FiraSans-Bold.ttf"; sourceTree = "<group>"; };
		211EE70A2741353A00B5E4D5 /* Info.plist */ = {isa = PBXFileReference; lastKnownFileType = text.plist; path = Info.plist; sourceTree = "<group>"; };
		211F0C2E278991DC00C34258 /* Util.swift */ = {isa = PBXFileReference; fileEncoding = 4; lastKnownFileType = sourcecode.swift; path = Util.swift; sourceTree = "<group>"; };
		211F0C322789924B00C34258 /* Current.swift */ = {isa = PBXFileReference; lastKnownFileType = sourcecode.swift; path = Current.swift; sourceTree = "<group>"; };
		211F0C36278992CB00C34258 /* ReaderSettingView.swift */ = {isa = PBXFileReference; fileEncoding = 4; lastKnownFileType = sourcecode.swift; path = ReaderSettingView.swift; sourceTree = "<group>"; };
		211F0C38278992D200C34258 /* SelectRow.swift */ = {isa = PBXFileReference; fileEncoding = 4; lastKnownFileType = sourcecode.swift; path = SelectRow.swift; sourceTree = "<group>"; };
		21438955277222100022AC8E /* SearchWrapper.swift */ = {isa = PBXFileReference; lastKnownFileType = sourcecode.swift; path = SearchWrapper.swift; sourceTree = "<group>"; };
		21438957277230E80022AC8E /* SearchTest.swift */ = {isa = PBXFileReference; lastKnownFileType = sourcecode.swift; path = SearchTest.swift; sourceTree = "<group>"; };
		2143895B27723F200022AC8E /* SearchField.swift */ = {isa = PBXFileReference; lastKnownFileType = sourcecode.swift; path = SearchField.swift; sourceTree = "<group>"; };
		214561FD275552B20000202D /* 1Sam17.json */ = {isa = PBXFileReference; lastKnownFileType = text.json; path = 1Sam17.json; sourceTree = "<group>"; };
		214561FF275552B20000202D /* Rom16.json */ = {isa = PBXFileReference; lastKnownFileType = text.json; path = Rom16.json; sourceTree = "<group>"; };
		21456200275552B20000202D /* SearchBuszke.json */ = {isa = PBXFileReference; lastKnownFileType = text.json; path = SearchBuszke.json; sourceTree = "<group>"; };
		21456201275552B20000202D /* IdezetError.json */ = {isa = PBXFileReference; lastKnownFileType = text.json; path = IdezetError.json; sourceTree = "<group>"; };
		21456202275552B20000202D /* translations.json */ = {isa = PBXFileReference; lastKnownFileType = text.json; path = translations.json; sourceTree = "<group>"; };
		21456203275552B20000202D /* books.json */ = {isa = PBXFileReference; lastKnownFileType = text.json; path = books.json; sourceTree = "<group>"; };
		2145620A275607480000202D /* Viewmodifiers.swift */ = {isa = PBXFileReference; lastKnownFileType = sourcecode.swift; path = Viewmodifiers.swift; sourceTree = "<group>"; };
		2145620C27566C6C0000202D /* SearchingView.swift */ = {isa = PBXFileReference; lastKnownFileType = sourcecode.swift; path = SearchingView.swift; sourceTree = "<group>"; };
		21456210275674CB0000202D /* UtilTest.swift */ = {isa = PBXFileReference; lastKnownFileType = sourcecode.swift; path = UtilTest.swift; sourceTree = "<group>"; };
		21456217275677A60000202D /* SearchTengeri.json */ = {isa = PBXFileReference; lastKnownFileType = text.json; path = SearchTengeri.json; sourceTree = "<group>"; };
		2145621A275684A30000202D /* books.json */ = {isa = PBXFileReference; lastKnownFileType = text.json; path = books.json; sourceTree = "<group>"; };
		2145621C275685BF0000202D /* SearchBuszke.json */ = {isa = PBXFileReference; lastKnownFileType = text.json; path = SearchBuszke.json; sourceTree = "<group>"; };
		2145621D275761BA0000202D /* FilterTest.swift */ = {isa = PBXFileReference; lastKnownFileType = sourcecode.swift; path = FilterTest.swift; sourceTree = "<group>"; };
		2145621F275762840000202D /* Rom16.json */ = {isa = PBXFileReference; lastKnownFileType = text.json; path = Rom16.json; sourceTree = "<group>"; };
		2145622427578D410000202D /* SelectingRow.swift */ = {isa = PBXFileReference; lastKnownFileType = sourcecode.swift; path = SelectingRow.swift; sourceTree = "<group>"; };
		215069EB2765EF7B00C3C248 /* MainTabView.swift */ = {isa = PBXFileReference; lastKnownFileType = sourcecode.swift; path = MainTabView.swift; sourceTree = "<group>"; };
		2154914E27875AA40041AD2D /* Extensions.swift */ = {isa = PBXFileReference; lastKnownFileType = sourcecode.swift; path = Extensions.swift; sourceTree = "<group>"; };
		2179B721276DE7FD00095DC1 /* NetworkService.swift */ = {isa = PBXFileReference; lastKnownFileType = sourcecode.swift; path = NetworkService.swift; sourceTree = "<group>"; };
		2179B727276DF7D000095DC1 /* BibleError.swift */ = {isa = PBXFileReference; lastKnownFileType = sourcecode.swift; path = BibleError.swift; sourceTree = "<group>"; };
		21810A1827540669001D29B9 /* Szentiras15v2Tests.xctest */ = {isa = PBXFileReference; explicitFileType = wrapper.cfbundle; includeInIndex = 0; path = Szentiras15v2Tests.xctest; sourceTree = BUILT_PRODUCTS_DIR; };
		21810A1A27540669001D29B9 /* Szentiras15v2Tests.swift */ = {isa = PBXFileReference; lastKnownFileType = sourcecode.swift; path = Szentiras15v2Tests.swift; sourceTree = "<group>"; };
		21810A2127540690001D29B9 /* BookTest.swift */ = {isa = PBXFileReference; lastKnownFileType = sourcecode.swift; path = BookTest.swift; sourceTree = "<group>"; };
		21AC165F27218FF800D2DA84 /* Szentiras15v2.app */ = {isa = PBXFileReference; explicitFileType = wrapper.application; includeInIndex = 0; path = Szentiras15v2.app; sourceTree = BUILT_PRODUCTS_DIR; };
		21AC166227218FF800D2DA84 /* Szentiras15v2App.swift */ = {isa = PBXFileReference; lastKnownFileType = sourcecode.swift; path = Szentiras15v2App.swift; sourceTree = "<group>"; };
		21AC166627218FF900D2DA84 /* Assets.xcassets */ = {isa = PBXFileReference; lastKnownFileType = folder.assetcatalog; path = Assets.xcassets; sourceTree = "<group>"; };
		21AC166927218FF900D2DA84 /* Preview Assets.xcassets */ = {isa = PBXFileReference; lastKnownFileType = folder.assetcatalog; path = "Preview Assets.xcassets"; sourceTree = "<group>"; };
		21AC1677272192ED00D2DA84 /* Idezet.swift */ = {isa = PBXFileReference; lastKnownFileType = sourcecode.swift; path = Idezet.swift; sourceTree = "<group>"; };
		21AC16792721945400D2DA84 /* Vers.swift */ = {isa = PBXFileReference; lastKnownFileType = sourcecode.swift; path = Vers.swift; sourceTree = "<group>"; };
		21AC167B2721961B00D2DA84 /* translations.json */ = {isa = PBXFileReference; fileEncoding = 4; lastKnownFileType = text.json; path = translations.json; sourceTree = "<group>"; };
		21AC167D2721962600D2DA84 /* books.json */ = {isa = PBXFileReference; fileEncoding = 4; lastKnownFileType = text.json; path = books.json; sourceTree = "<group>"; };
		21AC1681272196F400D2DA84 /* Book.swift */ = {isa = PBXFileReference; lastKnownFileType = sourcecode.swift; path = Book.swift; sourceTree = "<group>"; };
		21AC16832721977F00D2DA84 /* Translation.swift */ = {isa = PBXFileReference; lastKnownFileType = sourcecode.swift; path = Translation.swift; sourceTree = "<group>"; };
		21C2B16F27731DA4009DA75A /* SearchController.swift */ = {isa = PBXFileReference; lastKnownFileType = sourcecode.swift; path = SearchController.swift; sourceTree = "<group>"; };
		21C2B1712775CE69009DA75A /* SearchVersListView.swift */ = {isa = PBXFileReference; lastKnownFileType = sourcecode.swift; path = SearchVersListView.swift; sourceTree = "<group>"; };
		21C2B1732775D306009DA75A /* VersListView.swift */ = {isa = PBXFileReference; lastKnownFileType = sourcecode.swift; path = VersListView.swift; sourceTree = "<group>"; };
		21C2B1752775D448009DA75A /* SearchVersListViewModel.swift */ = {isa = PBXFileReference; lastKnownFileType = sourcecode.swift; path = SearchVersListViewModel.swift; sourceTree = "<group>"; };
		21D76CA4276E4982001E19F4 /* TranslationListView.swift */ = {isa = PBXFileReference; lastKnownFileType = sourcecode.swift; path = TranslationListView.swift; sourceTree = "<group>"; };
		21D76CA6276E4F6C001E19F4 /* BookListView.swift */ = {isa = PBXFileReference; lastKnownFileType = sourcecode.swift; path = BookListView.swift; sourceTree = "<group>"; };
		21D76CA92770F3AD001E19F4 /* HistoryListView.swift */ = {isa = PBXFileReference; lastKnownFileType = sourcecode.swift; path = HistoryListView.swift; sourceTree = "<group>"; };
		21D76CAB2770FDE5001E19F4 /* TODO.md */ = {isa = PBXFileReference; lastKnownFileType = net.daringfireball.markdown; path = TODO.md; sourceTree = "<group>"; xcLanguageSpecificationIdentifier = xcode.lang.markdown; };
		21EDBDE82752B170000D06A4 /* TestData.swift */ = {isa = PBXFileReference; lastKnownFileType = sourcecode.swift; path = TestData.swift; sourceTree = "<group>"; };
		21EDBDEB2752B549000D06A4 /* BibleChapterView.swift */ = {isa = PBXFileReference; lastKnownFileType = sourcecode.swift; path = BibleChapterView.swift; sourceTree = "<group>"; };
/* End PBXFileReference section */

/* Begin PBXFrameworksBuildPhase section */
		21810A1527540669001D29B9 /* Frameworks */ = {
			isa = PBXFrameworksBuildPhase;
			buildActionMask = 2147483647;
			files = (
			);
			runOnlyForDeploymentPostprocessing = 0;
		};
		21AC165C27218FF800D2DA84 /* Frameworks */ = {
			isa = PBXFrameworksBuildPhase;
			buildActionMask = 2147483647;
			files = (
			);
			runOnlyForDeploymentPostprocessing = 0;
		};
/* End PBXFrameworksBuildPhase section */

/* Begin PBXGroup section */
		210CC48F2733C1A20009D17B /* PartialSheet */ = {
			isa = PBXGroup;
			children = (
				210CC4902733C1A20009D17B /* PartialSheetViewModifier.swift */,
				210CC4912733C1A20009D17B /* BlurEffectView.swift */,
				210CC4922733C1A20009D17B /* PartialSheetManager.swift */,
				210CC4932733C1A20009D17B /* PartialSheetStyle.swift */,
				210CC4942733C1A20009D17B /* View+PartialSheetModifier.swift */,
				210CC4952733C1A20009D17B /* View+IfDeviceType.swift */,
			);
			path = PartialSheet;
			sourceTree = "<group>";
		};
		210CC49C2733C32D0009D17B /* Settings */ = {
			isa = PBXGroup;
			children = (
				210CC49D2733C3480009D17B /* SettingsView.swift */,
				210CC49F27344FF10009D17B /* CustomToggle.swift */,
			);
			path = Settings;
			sourceTree = "<group>";
		};
		211EE7012741350C00B5E4D5 /* Font */ = {
			isa = PBXGroup;
			children = (
				211EE7052741351D00B5E4D5 /* FiraSans-Bold.ttf */,
				211EE7022741351D00B5E4D5 /* FiraSans-Light.ttf */,
				211EE7032741351D00B5E4D5 /* FiraSans-Medium.ttf */,
				211EE7042741351D00B5E4D5 /* FiraSans-Regular.ttf */,
			);
			path = Font;
			sourceTree = "<group>";
		};
		211F0C3A2789942600C34258 /* Viewmodifiers */ = {
			isa = PBXGroup;
			children = (
				2145620A275607480000202D /* Viewmodifiers.swift */,
			);
			path = Viewmodifiers;
			sourceTree = "<group>";
		};
		211F0C3B2789942F00C34258 /* Util */ = {
			isa = PBXGroup;
			children = (
				211F0C2E278991DC00C34258 /* Util.swift */,
			);
			path = Util;
			sourceTree = "<group>";
		};
		211F0C3C2789943A00C34258 /* Services */ = {
			isa = PBXGroup;
			children = (
				2179B721276DE7FD00095DC1 /* NetworkService.swift */,
			);
			path = Services;
			sourceTree = "<group>";
		};
		211F0C3D2789944D00C34258 /* Controllers */ = {
			isa = PBXGroup;
			children = (
				211BD813276606B000B337E1 /* BibleController.swift */,
				21C2B16F27731DA4009DA75A /* SearchController.swift */,
			);
			path = Controllers;
			sourceTree = "<group>";
		};
		21438954277221AF0022AC8E /* Model */ = {
			isa = PBXGroup;
			children = (
				21AC1676272192DA00D2DA84 /* Idezet */,
				21AC1671272191BC00D2DA84 /* JSON */,
				21438955277222100022AC8E /* SearchWrapper.swift */,
				21AC1681272196F400D2DA84 /* Book.swift */,
				21AC16832721977F00D2DA84 /* Translation.swift */,
				211F0C322789924B00C34258 /* Current.swift */,
			);
			path = Model;
			sourceTree = "<group>";
		};
		214561FC275552B20000202D /* JSON */ = {
			isa = PBXGroup;
			children = (
				21456217275677A60000202D /* SearchTengeri.json */,
				21456200275552B20000202D /* SearchBuszke.json */,
				21456202275552B20000202D /* translations.json */,
				214561FF275552B20000202D /* Rom16.json */,
				21456201275552B20000202D /* IdezetError.json */,
				21456203275552B20000202D /* books.json */,
				214561FD275552B20000202D /* 1Sam17.json */,
			);
			path = JSON;
			sourceTree = "<group>";
		};
		215069ED2765F07500C3C248 /* Read */ = {
			isa = PBXGroup;
			children = (
				21D76CA92770F3AD001E19F4 /* HistoryListView.swift */,
				21EDBDEB2752B549000D06A4 /* BibleChapterView.swift */,
				21C2B1732775D306009DA75A /* VersListView.swift */,
				21D76CA4276E4982001E19F4 /* TranslationListView.swift */,
				21D76CA6276E4F6C001E19F4 /* BookListView.swift */,
			);
			path = Read;
			sourceTree = "<group>";
		};
		215069EE2765F07C00C3C248 /* Search */ = {
			isa = PBXGroup;
			children = (
				2145620C27566C6C0000202D /* SearchingView.swift */,
				2143895B27723F200022AC8E /* SearchField.swift */,
				21C2B1712775CE69009DA75A /* SearchVersListView.swift */,
				21C2B1752775D448009DA75A /* SearchVersListViewModel.swift */,
			);
			path = Search;
			sourceTree = "<group>";
		};
		215069F12765F0CA00C3C248 /* Screens */ = {
			isa = PBXGroup;
			children = (
				210CC49C2733C32D0009D17B /* Settings */,
				215069EE2765F07C00C3C248 /* Search */,
				215069ED2765F07500C3C248 /* Read */,
				2179B727276DF7D000095DC1 /* BibleError.swift */,
			);
			path = Screens;
			sourceTree = "<group>";
		};
		215069F22765F0D300C3C248 /* Views */ = {
			isa = PBXGroup;
			children = (
				211F0C38278992D200C34258 /* SelectRow.swift */,
				211F0C36278992CB00C34258 /* ReaderSettingView.swift */,
				210CC48F2733C1A20009D17B /* PartialSheet */,
				2145622427578D410000202D /* SelectingRow.swift */,
			);
			path = Views;
			sourceTree = "<group>";
		};
		2154914D27875A970041AD2D /* Extensions */ = {
			isa = PBXGroup;
			children = (
				2154914E27875AA40041AD2D /* Extensions.swift */,
			);
			path = Extensions;
			sourceTree = "<group>";
		};
		21810A1927540669001D29B9 /* Szentiras15v2Tests */ = {
			isa = PBXGroup;
			children = (
				2145621F275762840000202D /* Rom16.json */,
				2145621C275685BF0000202D /* SearchBuszke.json */,
				2145621A275684A30000202D /* books.json */,
				21810A2127540690001D29B9 /* BookTest.swift */,
				21810A1A27540669001D29B9 /* Szentiras15v2Tests.swift */,
				21456210275674CB0000202D /* UtilTest.swift */,
				2145621D275761BA0000202D /* FilterTest.swift */,
				211BD8112765F3D500B337E1 /* NetworkTest.swift */,
				21438957277230E80022AC8E /* SearchTest.swift */,
			);
			path = Szentiras15v2Tests;
			sourceTree = "<group>";
		};
		21AC165627218FF800D2DA84 = {
			isa = PBXGroup;
			children = (
				21AC166127218FF800D2DA84 /* Szentiras15v2 */,
				21810A1927540669001D29B9 /* Szentiras15v2Tests */,
				21AC166027218FF800D2DA84 /* Products */,
			);
			sourceTree = "<group>";
		};
		21AC166027218FF800D2DA84 /* Products */ = {
			isa = PBXGroup;
			children = (
				21AC165F27218FF800D2DA84 /* Szentiras15v2.app */,
				21810A1827540669001D29B9 /* Szentiras15v2Tests.xctest */,
			);
			name = Products;
			sourceTree = "<group>";
		};
		21AC166127218FF800D2DA84 /* Szentiras15v2 */ = {
			isa = PBXGroup;
			children = (
				211EE70A2741353A00B5E4D5 /* Info.plist */,
				211EE7012741350C00B5E4D5 /* Font */,
				211F0C3C2789943A00C34258 /* Services */,
				211F0C3B2789942F00C34258 /* Util */,
				211F0C3A2789942600C34258 /* Viewmodifiers */,
				2154914D27875A970041AD2D /* Extensions */,
				21438954277221AF0022AC8E /* Model */,
				215069F22765F0D300C3C248 /* Views */,
				215069F12765F0CA00C3C248 /* Screens */,
				211F0C3D2789944D00C34258 /* Controllers */,
				215069EB2765EF7B00C3C248 /* MainTabView.swift */,
				211EE6FF2740009900B5E4D5 /* SplashScreen.swift */,
				21D76CAB2770FDE5001E19F4 /* TODO.md */,
				21AC166227218FF800D2DA84 /* Szentiras15v2App.swift */,
				21AC166627218FF900D2DA84 /* Assets.xcassets */,
				21AC166827218FF900D2DA84 /* Preview Content */,
			);
			path = Szentiras15v2;
			sourceTree = "<group>";
		};
		21AC166827218FF900D2DA84 /* Preview Content */ = {
			isa = PBXGroup;
			children = (
				214561FC275552B20000202D /* JSON */,
				21AC166927218FF900D2DA84 /* Preview Assets.xcassets */,
				21EDBDE82752B170000D06A4 /* TestData.swift */,
			);
			path = "Preview Content";
			sourceTree = "<group>";
		};
		21AC1671272191BC00D2DA84 /* JSON */ = {
			isa = PBXGroup;
			children = (
				21AC167B2721961B00D2DA84 /* translations.json */,
				21AC167D2721962600D2DA84 /* books.json */,
			);
			path = JSON;
			sourceTree = "<group>";
		};
		21AC1676272192DA00D2DA84 /* Idezet */ = {
			isa = PBXGroup;
			children = (
				21AC1677272192ED00D2DA84 /* Idezet.swift */,
				21AC16792721945400D2DA84 /* Vers.swift */,
			);
			path = Idezet;
			sourceTree = "<group>";
		};
/* End PBXGroup section */

/* Begin PBXNativeTarget section */
		21810A1727540669001D29B9 /* Szentiras15v2Tests */ = {
			isa = PBXNativeTarget;
			buildConfigurationList = 21810A2027540669001D29B9 /* Build configuration list for PBXNativeTarget "Szentiras15v2Tests" */;
			buildPhases = (
				21810A1427540669001D29B9 /* Sources */,
				21810A1527540669001D29B9 /* Frameworks */,
				21810A1627540669001D29B9 /* Resources */,
			);
			buildRules = (
			);
			dependencies = (
				21810A1D27540669001D29B9 /* PBXTargetDependency */,
			);
			name = Szentiras15v2Tests;
			productName = Szentiras15v2Tests;
			productReference = 21810A1827540669001D29B9 /* Szentiras15v2Tests.xctest */;
			productType = "com.apple.product-type.bundle.unit-test";
		};
		21AC165E27218FF800D2DA84 /* Szentiras15v2 */ = {
			isa = PBXNativeTarget;
			buildConfigurationList = 21AC166D27218FF900D2DA84 /* Build configuration list for PBXNativeTarget "Szentiras15v2" */;
			buildPhases = (
				21AC165B27218FF800D2DA84 /* Sources */,
				21AC165C27218FF800D2DA84 /* Frameworks */,
				21AC165D27218FF800D2DA84 /* Resources */,
			);
			buildRules = (
			);
			dependencies = (
			);
			name = Szentiras15v2;
			packageProductDependencies = (
			);
			productName = Szentiras15v2;
			productReference = 21AC165F27218FF800D2DA84 /* Szentiras15v2.app */;
			productType = "com.apple.product-type.application";
		};
/* End PBXNativeTarget section */

/* Begin PBXProject section */
		21AC165727218FF800D2DA84 /* Project object */ = {
			isa = PBXProject;
			attributes = {
				BuildIndependentTargetsInParallel = 1;
				LastSwiftUpdateCheck = 1310;
				LastUpgradeCheck = 1310;
				TargetAttributes = {
					21810A1727540669001D29B9 = {
						CreatedOnToolsVersion = 13.1;
						TestTargetID = 21AC165E27218FF800D2DA84;
					};
					21AC165E27218FF800D2DA84 = {
						CreatedOnToolsVersion = 13.1;
					};
				};
			};
			buildConfigurationList = 21AC165A27218FF800D2DA84 /* Build configuration list for PBXProject "Szentiras15v2" */;
			compatibilityVersion = "Xcode 13.0";
			developmentRegion = en;
			hasScannedForEncodings = 0;
			knownRegions = (
				en,
				Base,
			);
			mainGroup = 21AC165627218FF800D2DA84;
			packageReferences = (
			);
			productRefGroup = 21AC166027218FF800D2DA84 /* Products */;
			projectDirPath = "";
			projectRoot = "";
			targets = (
				21AC165E27218FF800D2DA84 /* Szentiras15v2 */,
				21810A1727540669001D29B9 /* Szentiras15v2Tests */,
			);
		};
/* End PBXProject section */

/* Begin PBXResourcesBuildPhase section */
		21810A1627540669001D29B9 /* Resources */ = {
			isa = PBXResourcesBuildPhase;
			buildActionMask = 2147483647;
			files = (
				2145621B275684A60000202D /* books.json in Resources */,
				21456212275675EB0000202D /* SearchBuszke.json in Resources */,
				21456218275677AA0000202D /* SearchTengeri.json in Resources */,
				214562222757628A0000202D /* Rom16.json in Resources */,
			);
			runOnlyForDeploymentPostprocessing = 0;
		};
		21AC165D27218FF800D2DA84 /* Resources */ = {
			isa = PBXResourcesBuildPhase;
			buildActionMask = 2147483647;
			files = (
				21AC167E2721962600D2DA84 /* books.json in Resources */,
				21AC166A27218FF900D2DA84 /* Preview Assets.xcassets in Resources */,
				21456219275677AB0000202D /* SearchTengeri.json in Resources */,
				211EE7082741351D00B5E4D5 /* FiraSans-Regular.ttf in Resources */,
				21AC167C2721961B00D2DA84 /* translations.json in Resources */,
				21AC166727218FF900D2DA84 /* Assets.xcassets in Resources */,
				211EE7072741351D00B5E4D5 /* FiraSans-Medium.ttf in Resources */,
				211EE7092741351D00B5E4D5 /* FiraSans-Bold.ttf in Resources */,
				211EE7062741351D00B5E4D5 /* FiraSans-Light.ttf in Resources */,
				2179B726276DF41E00095DC1 /* 1Sam17.json in Resources */,
				21456223275762A00000202D /* Rom16.json in Resources */,
				2143895A277232A20022AC8E /* SearchBuszke.json in Resources */,
			);
			runOnlyForDeploymentPostprocessing = 0;
		};
/* End PBXResourcesBuildPhase section */

/* Begin PBXSourcesBuildPhase section */
		21810A1427540669001D29B9 /* Sources */ = {
			isa = PBXSourcesBuildPhase;
			buildActionMask = 2147483647;
			files = (
				21810A2327540690001D29B9 /* BookTest.swift in Sources */,
				21456211275674CB0000202D /* UtilTest.swift in Sources */,
				2145621E275761BA0000202D /* FilterTest.swift in Sources */,
				21438958277230E80022AC8E /* SearchTest.swift in Sources */,
				21810A1B27540669001D29B9 /* Szentiras15v2Tests.swift in Sources */,
				211BD8122765F3D500B337E1 /* NetworkTest.swift in Sources */,
			);
			runOnlyForDeploymentPostprocessing = 0;
		};
		21AC165B27218FF800D2DA84 /* Sources */ = {
			isa = PBXSourcesBuildPhase;
			buildActionMask = 2147483647;
			files = (
				21EDBDE92752B170000D06A4 /* TestData.swift in Sources */,
				21AC1678272192ED00D2DA84 /* Idezet.swift in Sources */,
				211F0C39278992D200C34258 /* SelectRow.swift in Sources */,
				2154914F27875AA40041AD2D /* Extensions.swift in Sources */,
				21C2B1762775D448009DA75A /* SearchVersListViewModel.swift in Sources */,
				21D76CA7276E4F6C001E19F4 /* BookListView.swift in Sources */,
				211F0C37278992CB00C34258 /* ReaderSettingView.swift in Sources */,
				2143895C27723F200022AC8E /* SearchField.swift in Sources */,
				210CC49E2733C3480009D17B /* SettingsView.swift in Sources */,
				21D76CAA2770F3AD001E19F4 /* HistoryListView.swift in Sources */,
				2179B728276DF7D000095DC1 /* BibleError.swift in Sources */,
				211BD814276606B000B337E1 /* BibleController.swift in Sources */,
				2179B722276DE7FD00095DC1 /* NetworkService.swift in Sources */,
				210CC4992733C1A20009D17B /* PartialSheetStyle.swift in Sources */,
				2145620B275607480000202D /* Viewmodifiers.swift in Sources */,
				2145620D27566C6C0000202D /* SearchingView.swift in Sources */,
				210CC4982733C1A20009D17B /* PartialSheetManager.swift in Sources */,
				21AC167A2721945400D2DA84 /* Vers.swift in Sources */,
				21C2B1742775D306009DA75A /* VersListView.swift in Sources */,
				210CC4972733C1A20009D17B /* BlurEffectView.swift in Sources */,
				210CC49B2733C1A20009D17B /* View+IfDeviceType.swift in Sources */,
				210CC49A2733C1A20009D17B /* View+PartialSheetModifier.swift in Sources */,
				210CC4962733C1A20009D17B /* PartialSheetViewModifier.swift in Sources */,
				21AC1682272196F400D2DA84 /* Book.swift in Sources */,
				215069EC2765EF7B00C3C248 /* MainTabView.swift in Sources */,
				21AC166327218FF800D2DA84 /* Szentiras15v2App.swift in Sources */,
				21C2B17027731DA4009DA75A /* SearchController.swift in Sources */,
				21AC16842721977F00D2DA84 /* Translation.swift in Sources */,
				21438956277222100022AC8E /* SearchWrapper.swift in Sources */,
				211EE7002740009900B5E4D5 /* SplashScreen.swift in Sources */,
				21C2B1722775CE69009DA75A /* SearchVersListView.swift in Sources */,
				21D76CA5276E4982001E19F4 /* TranslationListView.swift in Sources */,
				210CC4A027344FF10009D17B /* CustomToggle.swift in Sources */,
				211F0C2F278991DC00C34258 /* Util.swift in Sources */,
				2145622527578D410000202D /* SelectingRow.swift in Sources */,
				21EDBDEC2752B549000D06A4 /* BibleChapterView.swift in Sources */,
				211F0C332789924B00C34258 /* Current.swift in Sources */,
			);
			runOnlyForDeploymentPostprocessing = 0;
		};
/* End PBXSourcesBuildPhase section */

/* Begin PBXTargetDependency section */
		21810A1D27540669001D29B9 /* PBXTargetDependency */ = {
			isa = PBXTargetDependency;
			target = 21AC165E27218FF800D2DA84 /* Szentiras15v2 */;
			targetProxy = 21810A1C27540669001D29B9 /* PBXContainerItemProxy */;
		};
/* End PBXTargetDependency section */

/* Begin XCBuildConfiguration section */
		21810A1E27540669001D29B9 /* Debug */ = {
			isa = XCBuildConfiguration;
			buildSettings = {
				BUNDLE_LOADER = "$(TEST_HOST)";
				CODE_SIGN_STYLE = Automatic;
				CURRENT_PROJECT_VERSION = 1;
				DEVELOPMENT_TEAM = 8YE8M3UNR3;
				GENERATE_INFOPLIST_FILE = YES;
				LD_RUNPATH_SEARCH_PATHS = (
					"$(inherited)",
					"@executable_path/Frameworks",
					"@loader_path/Frameworks",
				);
				MARKETING_VERSION = 1.0;
				PRODUCT_BUNDLE_IDENTIFIER = com.sornyei.Szentiras15v2Tests;
				PRODUCT_NAME = "$(TARGET_NAME)";
				SWIFT_EMIT_LOC_STRINGS = NO;
				SWIFT_VERSION = 5.0;
				TARGETED_DEVICE_FAMILY = "1,2";
				TEST_HOST = "$(BUILT_PRODUCTS_DIR)/Szentiras15v2.app/Szentiras15v2";
			};
			name = Debug;
		};
		21810A1F27540669001D29B9 /* Release */ = {
			isa = XCBuildConfiguration;
			buildSettings = {
				BUNDLE_LOADER = "$(TEST_HOST)";
				CODE_SIGN_STYLE = Automatic;
				CURRENT_PROJECT_VERSION = 1;
				DEVELOPMENT_TEAM = 8YE8M3UNR3;
				GENERATE_INFOPLIST_FILE = YES;
				LD_RUNPATH_SEARCH_PATHS = (
					"$(inherited)",
					"@executable_path/Frameworks",
					"@loader_path/Frameworks",
				);
				MARKETING_VERSION = 1.0;
				PRODUCT_BUNDLE_IDENTIFIER = com.sornyei.Szentiras15v2Tests;
				PRODUCT_NAME = "$(TARGET_NAME)";
				SWIFT_EMIT_LOC_STRINGS = NO;
				SWIFT_VERSION = 5.0;
				TARGETED_DEVICE_FAMILY = "1,2";
				TEST_HOST = "$(BUILT_PRODUCTS_DIR)/Szentiras15v2.app/Szentiras15v2";
			};
			name = Release;
		};
		21AC166B27218FF900D2DA84 /* Debug */ = {
			isa = XCBuildConfiguration;
			buildSettings = {
				ALWAYS_SEARCH_USER_PATHS = NO;
				CLANG_ANALYZER_NONNULL = YES;
				CLANG_ANALYZER_NUMBER_OBJECT_CONVERSION = YES_AGGRESSIVE;
				CLANG_CXX_LANGUAGE_STANDARD = "gnu++17";
				CLANG_CXX_LIBRARY = "libc++";
				CLANG_ENABLE_MODULES = YES;
				CLANG_ENABLE_OBJC_ARC = YES;
				CLANG_ENABLE_OBJC_WEAK = YES;
				CLANG_WARN_BLOCK_CAPTURE_AUTORELEASING = YES;
				CLANG_WARN_BOOL_CONVERSION = YES;
				CLANG_WARN_COMMA = YES;
				CLANG_WARN_CONSTANT_CONVERSION = YES;
				CLANG_WARN_DEPRECATED_OBJC_IMPLEMENTATIONS = YES;
				CLANG_WARN_DIRECT_OBJC_ISA_USAGE = YES_ERROR;
				CLANG_WARN_DOCUMENTATION_COMMENTS = YES;
				CLANG_WARN_EMPTY_BODY = YES;
				CLANG_WARN_ENUM_CONVERSION = YES;
				CLANG_WARN_INFINITE_RECURSION = YES;
				CLANG_WARN_INT_CONVERSION = YES;
				CLANG_WARN_NON_LITERAL_NULL_CONVERSION = YES;
				CLANG_WARN_OBJC_IMPLICIT_RETAIN_SELF = YES;
				CLANG_WARN_OBJC_LITERAL_CONVERSION = YES;
				CLANG_WARN_OBJC_ROOT_CLASS = YES_ERROR;
				CLANG_WARN_QUOTED_INCLUDE_IN_FRAMEWORK_HEADER = YES;
				CLANG_WARN_RANGE_LOOP_ANALYSIS = YES;
				CLANG_WARN_STRICT_PROTOTYPES = YES;
				CLANG_WARN_SUSPICIOUS_MOVE = YES;
				CLANG_WARN_UNGUARDED_AVAILABILITY = YES_AGGRESSIVE;
				CLANG_WARN_UNREACHABLE_CODE = YES;
				CLANG_WARN__DUPLICATE_METHOD_MATCH = YES;
				COPY_PHASE_STRIP = NO;
				DEBUG_INFORMATION_FORMAT = dwarf;
				ENABLE_STRICT_OBJC_MSGSEND = YES;
				ENABLE_TESTABILITY = YES;
				GCC_C_LANGUAGE_STANDARD = gnu11;
				GCC_DYNAMIC_NO_PIC = NO;
				GCC_NO_COMMON_BLOCKS = YES;
				GCC_OPTIMIZATION_LEVEL = 0;
				GCC_PREPROCESSOR_DEFINITIONS = (
					"DEBUG=1",
					"$(inherited)",
				);
				GCC_WARN_64_TO_32_BIT_CONVERSION = YES;
				GCC_WARN_ABOUT_RETURN_TYPE = YES_ERROR;
				GCC_WARN_UNDECLARED_SELECTOR = YES;
				GCC_WARN_UNINITIALIZED_AUTOS = YES_AGGRESSIVE;
				GCC_WARN_UNUSED_FUNCTION = YES;
				GCC_WARN_UNUSED_VARIABLE = YES;
				IPHONEOS_DEPLOYMENT_TARGET = 15.0;
				MTL_ENABLE_DEBUG_INFO = INCLUDE_SOURCE;
				MTL_FAST_MATH = YES;
				ONLY_ACTIVE_ARCH = YES;
				SDKROOT = iphoneos;
				SWIFT_ACTIVE_COMPILATION_CONDITIONS = DEBUG;
				SWIFT_OPTIMIZATION_LEVEL = "-Onone";
			};
			name = Debug;
		};
		21AC166C27218FF900D2DA84 /* Release */ = {
			isa = XCBuildConfiguration;
			buildSettings = {
				ALWAYS_SEARCH_USER_PATHS = NO;
				CLANG_ANALYZER_NONNULL = YES;
				CLANG_ANALYZER_NUMBER_OBJECT_CONVERSION = YES_AGGRESSIVE;
				CLANG_CXX_LANGUAGE_STANDARD = "gnu++17";
				CLANG_CXX_LIBRARY = "libc++";
				CLANG_ENABLE_MODULES = YES;
				CLANG_ENABLE_OBJC_ARC = YES;
				CLANG_ENABLE_OBJC_WEAK = YES;
				CLANG_WARN_BLOCK_CAPTURE_AUTORELEASING = YES;
				CLANG_WARN_BOOL_CONVERSION = YES;
				CLANG_WARN_COMMA = YES;
				CLANG_WARN_CONSTANT_CONVERSION = YES;
				CLANG_WARN_DEPRECATED_OBJC_IMPLEMENTATIONS = YES;
				CLANG_WARN_DIRECT_OBJC_ISA_USAGE = YES_ERROR;
				CLANG_WARN_DOCUMENTATION_COMMENTS = YES;
				CLANG_WARN_EMPTY_BODY = YES;
				CLANG_WARN_ENUM_CONVERSION = YES;
				CLANG_WARN_INFINITE_RECURSION = YES;
				CLANG_WARN_INT_CONVERSION = YES;
				CLANG_WARN_NON_LITERAL_NULL_CONVERSION = YES;
				CLANG_WARN_OBJC_IMPLICIT_RETAIN_SELF = YES;
				CLANG_WARN_OBJC_LITERAL_CONVERSION = YES;
				CLANG_WARN_OBJC_ROOT_CLASS = YES_ERROR;
				CLANG_WARN_QUOTED_INCLUDE_IN_FRAMEWORK_HEADER = YES;
				CLANG_WARN_RANGE_LOOP_ANALYSIS = YES;
				CLANG_WARN_STRICT_PROTOTYPES = YES;
				CLANG_WARN_SUSPICIOUS_MOVE = YES;
				CLANG_WARN_UNGUARDED_AVAILABILITY = YES_AGGRESSIVE;
				CLANG_WARN_UNREACHABLE_CODE = YES;
				CLANG_WARN__DUPLICATE_METHOD_MATCH = YES;
				COPY_PHASE_STRIP = NO;
				DEBUG_INFORMATION_FORMAT = "dwarf-with-dsym";
				ENABLE_NS_ASSERTIONS = NO;
				ENABLE_STRICT_OBJC_MSGSEND = YES;
				GCC_C_LANGUAGE_STANDARD = gnu11;
				GCC_NO_COMMON_BLOCKS = YES;
				GCC_WARN_64_TO_32_BIT_CONVERSION = YES;
				GCC_WARN_ABOUT_RETURN_TYPE = YES_ERROR;
				GCC_WARN_UNDECLARED_SELECTOR = YES;
				GCC_WARN_UNINITIALIZED_AUTOS = YES_AGGRESSIVE;
				GCC_WARN_UNUSED_FUNCTION = YES;
				GCC_WARN_UNUSED_VARIABLE = YES;
				IPHONEOS_DEPLOYMENT_TARGET = 15.0;
				MTL_ENABLE_DEBUG_INFO = NO;
				MTL_FAST_MATH = YES;
				SDKROOT = iphoneos;
				SWIFT_COMPILATION_MODE = wholemodule;
				SWIFT_OPTIMIZATION_LEVEL = "-O";
				VALIDATE_PRODUCT = YES;
			};
			name = Release;
		};
		21AC166E27218FF900D2DA84 /* Debug */ = {
			isa = XCBuildConfiguration;
			buildSettings = {
				ASSETCATALOG_COMPILER_APPICON_NAME = AppIcon;
				ASSETCATALOG_COMPILER_GLOBAL_ACCENT_COLOR_NAME = AccentColor;
				CODE_SIGN_STYLE = Automatic;
				CURRENT_PROJECT_VERSION = 1;
				DEVELOPMENT_ASSET_PATHS = "\"Szentiras15v2/Preview Content\"";
				DEVELOPMENT_TEAM = 8YE8M3UNR3;
				ENABLE_PREVIEWS = YES;
				GENERATE_INFOPLIST_FILE = YES;
				INFOPLIST_FILE = Szentiras15v2/Info.plist;
				INFOPLIST_KEY_UIApplicationSceneManifest_Generation = YES;
				INFOPLIST_KEY_UIApplicationSupportsIndirectInputEvents = YES;
				INFOPLIST_KEY_UILaunchScreen_Generation = YES;
				INFOPLIST_KEY_UISupportedInterfaceOrientations = UIInterfaceOrientationPortrait;
				INFOPLIST_KEY_UISupportedInterfaceOrientations_iPad = UIInterfaceOrientationPortrait;
				INFOPLIST_KEY_UISupportedInterfaceOrientations_iPhone = UIInterfaceOrientationPortrait;
				LD_RUNPATH_SEARCH_PATHS = (
					"$(inherited)",
					"@executable_path/Frameworks",
				);
				MARKETING_VERSION = 1.0;
				PRODUCT_BUNDLE_IDENTIFIER = com.sornyei.Szentiras15v2;
				PRODUCT_NAME = "$(TARGET_NAME)";
				SWIFT_EMIT_LOC_STRINGS = YES;
				SWIFT_VERSION = 5.0;
				TARGETED_DEVICE_FAMILY = 1;
			};
			name = Debug;
		};
		21AC166F27218FF900D2DA84 /* Release */ = {
			isa = XCBuildConfiguration;
			buildSettings = {
				ASSETCATALOG_COMPILER_APPICON_NAME = AppIcon;
				ASSETCATALOG_COMPILER_GLOBAL_ACCENT_COLOR_NAME = AccentColor;
				CODE_SIGN_STYLE = Automatic;
				CURRENT_PROJECT_VERSION = 1;
				DEVELOPMENT_ASSET_PATHS = "\"Szentiras15v2/Preview Content\"";
				DEVELOPMENT_TEAM = 8YE8M3UNR3;
				ENABLE_PREVIEWS = YES;
				GENERATE_INFOPLIST_FILE = YES;
				INFOPLIST_FILE = Szentiras15v2/Info.plist;
				INFOPLIST_KEY_UIApplicationSceneManifest_Generation = YES;
				INFOPLIST_KEY_UIApplicationSupportsIndirectInputEvents = YES;
				INFOPLIST_KEY_UILaunchScreen_Generation = YES;
				INFOPLIST_KEY_UISupportedInterfaceOrientations = UIInterfaceOrientationPortrait;
				INFOPLIST_KEY_UISupportedInterfaceOrientations_iPad = UIInterfaceOrientationPortrait;
				INFOPLIST_KEY_UISupportedInterfaceOrientations_iPhone = UIInterfaceOrientationPortrait;
				LD_RUNPATH_SEARCH_PATHS = (
					"$(inherited)",
					"@executable_path/Frameworks",
				);
				MARKETING_VERSION = 1.0;
				PRODUCT_BUNDLE_IDENTIFIER = com.sornyei.Szentiras15v2;
				PRODUCT_NAME = "$(TARGET_NAME)";
				SWIFT_EMIT_LOC_STRINGS = YES;
				SWIFT_VERSION = 5.0;
				TARGETED_DEVICE_FAMILY = 1;
			};
			name = Release;
		};
/* End XCBuildConfiguration section */

/* Begin XCConfigurationList section */
		21810A2027540669001D29B9 /* Build configuration list for PBXNativeTarget "Szentiras15v2Tests" */ = {
			isa = XCConfigurationList;
			buildConfigurations = (
				21810A1E27540669001D29B9 /* Debug */,
				21810A1F27540669001D29B9 /* Release */,
			);
			defaultConfigurationIsVisible = 0;
			defaultConfigurationName = Release;
		};
		21AC165A27218FF800D2DA84 /* Build configuration list for PBXProject "Szentiras15v2" */ = {
			isa = XCConfigurationList;
			buildConfigurations = (
				21AC166B27218FF900D2DA84 /* Debug */,
				21AC166C27218FF900D2DA84 /* Release */,
			);
			defaultConfigurationIsVisible = 0;
			defaultConfigurationName = Release;
		};
		21AC166D27218FF900D2DA84 /* Build configuration list for PBXNativeTarget "Szentiras15v2" */ = {
			isa = XCConfigurationList;
			buildConfigurations = (
				21AC166E27218FF900D2DA84 /* Debug */,
				21AC166F27218FF900D2DA84 /* Release */,
			);
			defaultConfigurationIsVisible = 0;
			defaultConfigurationName = Release;
		};
/* End XCConfigurationList section */
	};
	rootObject = 21AC165727218FF800D2DA84 /* Project object */;
}
